
Microsoft Visual Studio Solution File, Format Version 12.00
# Visual Studio Version 18
VisualStudioVersion = 18.4.11605.240
MinimumVisualStudioVersion = 10.0.40219.1
Project("{2150E333-8FDC-42A3-9474-1A3956D46DE8}") = "src", "src", "{827E0CD3-B72D-47B6-A68D-7590B98EB39B}"
EndProject
Project("{2150E333-8FDC-42A3-9474-1A3956D46DE8}") = "BuildingBlocks", "BuildingBlocks", "{90298CBA-BD6F-3A0A-69D5-97CAD7B05E7E}"
EndProject
Project("{FAE04EC0-301F-11D3-BF4B-00C04F79EFBC}") = "Ocow.Contracts", "src\BuildingBlocks\Ocow.Contracts\Ocow.Contracts.csproj", "{210C6FB6-E062-4A53-81A2-75E4BA08F698}"
EndProject
Project("{FAE04EC0-301F-11D3-BF4B-00C04F79EFBC}") = "Ocow.InternalAuth", "src\BuildingBlocks\Ocow.InternalAuth\Ocow.InternalAuth.csproj", "{CC2C3386-3064-401B-BD9F-21AC00DB0802}"
EndProject
Project("{FAE04EC0-301F-11D3-BF4B-00C04F79EFBC}") = "Ocow.Shared", "src\BuildingBlocks\Ocow.Shared\Ocow.Shared.csproj", "{B6BA430E-9A5E-4F9D-9065-F3F2E668D5B6}"
EndProject
Project("{2150E333-8FDC-42A3-9474-1A3956D46DE8}") = "Gateways", "Gateways", "{CBE535C5-B51A-60E9-4D99-AC1BFAA908A1}"
EndProject
Project("{FAE04EC0-301F-11D3-BF4B-00C04F79EFBC}") = "Ocow.Gateway", "src\Gateways\Ocow.Gateway\Ocow.Gateway.csproj", "{54CFD168-B197-48B5-BDD2-9D8FFDED3E49}"
EndProject
Project("{2150E333-8FDC-42A3-9474-1A3956D46DE8}") = "Services", "Services", "{984BB9B3-3FA3-BE33-9484-CAC21695A33C}"
EndProject
Project("{2150E333-8FDC-42A3-9474-1A3956D46DE8}") = "Order", "Order", "{B851199A-4979-E597-3D50-97AC5992BBAF}"
EndProject
Project("{FAE04EC0-301F-11D3-BF4B-00C04F79EFBC}") = "Ocow.Order.Api", "src\Services\Order\Ocow.Order.Api\Ocow.Order.Api.csproj", "{6D1CD4C0-5CF7-4BB6-B289-FE09C315F11D}"
EndProject
Project("{FAE04EC0-301F-11D3-BF4B-00C04F79EFBC}") = "Ocow.Order.Application", "src\Services\Order\Ocow.Order.Application\Ocow.Order.Application.csproj", "{1A3E7DDE-0A7A-466E-A592-F13DDD9F4C9F}"
EndProject
Project("{FAE04EC0-301F-11D3-BF4B-00C04F79EFBC}") = "Ocow.Order.Domain", "src\Services\Order\Ocow.Order.Domain\Ocow.Order.Domain.csproj", "{D2EC7C56-33DB-4840-B0CC-B74EA541449F}"
EndProject
Project("{FAE04EC0-301F-11D3-BF4B-00C04F79EFBC}") = "Ocow.Order.Infrastructure", "src\Services\Order\Ocow.Order.Infrastructure\Ocow.Order.Infrastructure.csproj", "{9B2D4E3A-D939-4464-B395-47F3E6EA3152}"
EndProject
Project("{FAE04EC0-301F-11D3-BF4B-00C04F79EFBC}") = "Ocow.Order.Migrations", "src\Services\Order\Ocow.Order.Migrations\Ocow.Order.Migrations.csproj", "{53655D00-A3BB-4705-A193-A2A986223BD2}"
EndProject
Project("{2150E333-8FDC-42A3-9474-1A3956D46DE8}") = "tests", "tests", "{0AB3BF05-4346-4AA6-1389-037BE0695223}"
EndProject
Project("{FAE04EC0-301F-11D3-BF4B-00C04F79EFBC}") = "Ocow.Tests.Unit", "tests\Ocow.Tests.Unit\Ocow.Tests.Unit.csproj", "{6DA033D2-2D2B-4A91-81B3-1529009B1112}"
EndProject
Project("{2150E333-8FDC-42A3-9474-1A3956D46DE8}") = "Identity", "Identity", "{1BFC9479-12BF-35C3-06B8-42D89D95092B}"
EndProject
Project("{FAE04EC0-301F-11D3-BF4B-00C04F79EFBC}") = "Ocow.Identity.Api", "src\Services\Identity\Ocow.Identity.Api\Ocow.Identity.Api.csproj", "{DE916F5A-7DE8-4976-9360-ABE57E85B01A}"
EndProject
Project("{FAE04EC0-301F-11D3-BF4B-00C04F79EFBC}") = "Ocow.Identity.Application", "src\Services\Identity\Ocow.Identity.Application\Ocow.Identity.Application.csproj", "{D3C1F868-691D-4475-9FD3-43FB05E648A6}"
EndProject
Project("{FAE04EC0-301F-11D3-BF4B-00C04F79EFBC}") = "Ocow.Identity.Domain", "src\Services\Identity\Ocow.Identity.Domain\Ocow.Identity.Domain.csproj", "{34455E29-31F8-4CF3-BB0D-40FBCACC14FB}"
EndProject
Project("{FAE04EC0-301F-11D3-BF4B-00C04F79EFBC}") = "Ocow.Identity.Infrastructure", "src\Services\Identity\Ocow.Identity.Infrastructure\Ocow.Identity.Infrastructure.csproj", "{A88E6341-7EA9-4239-858A-3D5149B6B0DF}"
EndProject
Project("{FAE04EC0-301F-11D3-BF4B-00C04F79EFBC}") = "Ocow.Identity.Migrations", "src\Services\Identity\Ocow.Identity.Migrations\Ocow.Identity.Migrations.csproj", "{86C40916-E98E-4E3D-B171-4878F2D976FB}"
EndProject
Project("{FAE04EC0-301F-11D3-BF4B-00C04F79EFBC}") = "Ocow.EntityFrameworkCore", "src\BuildingBlocks\Ocow.EntityFrameworkCore\Ocow.EntityFrameworkCore.csproj", "{24A4F54D-1BA7-4612-BC9E-5BF07868B7A9}"
EndProject
Project("{FAE04EC0-301F-11D3-BF4B-00C04F79EFBC}") = "Ocow.Redis", "src\BuildingBlocks\Ocow.Redis\Ocow.Redis.csproj", "{E71E9EB7-B20A-D3ED-5152-B469FCD5C589}"
EndProject
Project("{FAE04EC0-301F-11D3-BF4B-00C04F79EFBC}") = "Ocow.MessageBus", "src\BuildingBlocks\Ocow.MessageBus\Ocow.MessageBus.csproj", "{D6F8CD57-9215-4F1F-5BF6-BB0ABB712283}"
EndProject
Project("{FAE04EC0-301F-11D3-BF4B-00C04F79EFBC}") = "Ocow.Observability", "src\BuildingBlocks\Ocow.Observability\Ocow.Observability.csproj", "{46602F0D-CD41-4E90-A733-8FF8258917C3}"
EndProject
Project("{FAE04EC0-301F-11D3-BF4B-00C04F79EFBC}") = "Ocow.Auth", "src\BuildingBlocks\Ocow.Auth\Ocow.Auth.csproj", "{9146AD6C-8701-364B-5315-9B4C4D21BB7D}"
EndProject
Project("{FAE04EC0-301F-11D3-BF4B-00C04F79EFBC}") = "Ocow.AspNetCore", "src\BuildingBlocks\Ocow.AspNetCore\Ocow.AspNetCore.csproj", "{63B6EE47-468A-46A1-9F83-D13E24E863DF}"
EndProject
Project("{FAE04EC0-301F-11D3-BF4B-00C04F79EFBC}") = "Ocow.HealthChecks", "src\BuildingBlocks\Ocow.HealthChecks\Ocow.HealthChecks.csproj", "{6C46CCB6-FC3B-4052-81BC-B1212A2BE3E7}"
EndProject
Project("{2150E333-8FDC-42A3-9474-1A3956D46DE8}") = "DB", "DB", "{71CA3753-CF67-4B41-A1D2-EA5E825906AF}"
EndProject
Project("{2150E333-8FDC-42A3-9474-1A3956D46DE8}") = "Log", "Log", "{50AA7014-1D4F-4DEA-94C7-C20EEE2211E8}"
EndProject
Project("{FAE04EC0-301F-11D3-BF4B-00C04F79EFBC}") = "Ocow.Cache", "src\BuildingBlocks\Ocow.Cache\Ocow.Cache.csproj", "{7BC7637E-0FD8-4C4D-870A-2A485EA163DE}"
EndProject
Project("{FAE04EC0-301F-11D3-BF4B-00C04F79EFBC}") = "Ocow.BackgroundJobs", "src\BuildingBlocks\Ocow.BackgroundJobs\Ocow.BackgroundJobs.csproj", "{6AA5EE96-66C8-472F-9FC1-692EE6A6A398}"
EndProject
Global
	GlobalSection(SolutionConfigurationPlatforms) = preSolution
		Debug|Any CPU = Debug|Any CPU
		Debug|x64 = Debug|x64
		Debug|x86 = Debug|x86
		Release|Any CPU = Release|Any CPU
		Release|x64 = Release|x64
		Release|x86 = Release|x86
	EndGlobalSection
	GlobalSection(ProjectConfigurationPlatforms) = postSolution
		{210C6FB6-E062-4A53-81A2-75E4BA08F698}.Debug|Any CPU.ActiveCfg = Debug|Any CPU
		{210C6FB6-E062-4A53-81A2-75E4BA08F698}.Debug|Any CPU.Build.0 = Debug|Any CPU
		{210C6FB6-E062-4A53-81A2-75E4BA08F698}.Debug|x64.ActiveCfg = Debug|Any CPU
		{210C6FB6-E062-4A53-81A2-75E4BA08F698}.Debug|x64.Build.0 = Debug|Any CPU
		{210C6FB6-E062-4A53-81A2-75E4BA08F698}.Debug|x86.ActiveCfg = Debug|Any CPU
		{210C6FB6-E062-4A53-81A2-75E4BA08F698}.Debug|x86.Build.0 = Debug|Any CPU
		{210C6FB6-E062-4A53-81A2-75E4BA08F698}.Release|Any CPU.ActiveCfg = Release|Any CPU
		{210C6FB6-E062-4A53-81A2-75E4BA08F698}.Release|Any CPU.Build.0 = Release|Any CPU
		{210C6FB6-E062-4A53-81A2-75E4BA08F698}.Release|x64.ActiveCfg = Release|Any CPU
		{210C6FB6-E062-4A53-81A2-75E4BA08F698}.Release|x64.Build.0 = Release|Any CPU
		{210C6FB6-E062-4A53-81A2-75E4BA08F698}.Release|x86.ActiveCfg = Release|Any CPU
		{210C6FB6-E062-4A53-81A2-75E4BA08F698}.Release|x86.Build.0 = Release|Any CPU
		{CC2C3386-3064-401B-BD9F-21AC00DB0802}.Debug|Any CPU.ActiveCfg = Debug|Any CPU
		{CC2C3386-3064-401B-BD9F-21AC00DB0802}.Debug|Any CPU.Build.0 = Debug|Any CPU
		{CC2C3386-3064-401B-BD9F-21AC00DB0802}.Debug|x64.ActiveCfg = Debug|Any CPU
		{CC2C3386-3064-401B-BD9F-21AC00DB0802}.Debug|x64.Build.0 = Debug|Any CPU
		{CC2C3386-3064-401B-BD9F-21AC00DB0802}.Debug|x86.ActiveCfg = Debug|Any CPU
		{CC2C3386-3064-401B-BD9F-21AC00DB0802}.Debug|x86.Build.0 = Debug|Any CPU
		{CC2C3386-3064-401B-BD9F-21AC00DB0802}.Release|Any CPU.ActiveCfg = Release|Any CPU
		{CC2C3386-3064-401B-BD9F-21AC00DB0802}.Release|Any CPU.Build.0 = Release|Any CPU
		{CC2C3386-3064-401B-BD9F-21AC00DB0802}.Release|x64.ActiveCfg = Release|Any CPU
		{CC2C3386-3064-401B-BD9F-21AC00DB0802}.Release|x64.Build.0 = Release|Any CPU
		{CC2C3386-3064-401B-BD9F-21AC00DB0802}.Release|x86.ActiveCfg = Release|Any CPU
		{CC2C3386-3064-401B-BD9F-21AC00DB0802}.Release|x86.Build.0 = Release|Any CPU
		{B6BA430E-9A5E-4F9D-9065-F3F2E668D5B6}.Debug|Any CPU.ActiveCfg = Debug|Any CPU
		{B6BA430E-9A5E-4F9D-9065-F3F2E668D5B6}.Debug|Any CPU.Build.0 = Debug|Any CPU
		{B6BA430E-9A5E-4F9D-9065-F3F2E668D5B6}.Debug|x64.ActiveCfg = Debug|Any CPU
		{B6BA430E-9A5E-4F9D-9065-F3F2E668D5B6}.Debug|x64.Build.0 = Debug|Any CPU
		{B6BA430E-9A5E-4F9D-9065-F3F2E668D5B6}.Debug|x86.ActiveCfg = Debug|Any CPU
		{B6BA430E-9A5E-4F9D-9065-F3F2E668D5B6}.Debug|x86.Build.0 = Debug|Any CPU
		{B6BA430E-9A5E-4F9D-9065-F3F2E668D5B6}.Release|Any CPU.ActiveCfg = Release|Any CPU
		{B6BA430E-9A5E-4F9D-9065-F3F2E668D5B6}.Release|Any CPU.Build.0 = Release|Any CPU
		{B6BA430E-9A5E-4F9D-9065-F3F2E668D5B6}.Release|x64.ActiveCfg = Release|Any CPU
		{B6BA430E-9A5E-4F9D-9065-F3F2E668D5B6}.Release|x64.Build.0 = Release|Any CPU
		{B6BA430E-9A5E-4F9D-9065-F3F2E668D5B6}.Release|x86.ActiveCfg = Release|Any CPU
		{B6BA430E-9A5E-4F9D-9065-F3F2E668D5B6}.Release|x86.Build.0 = Release|Any CPU
		{54CFD168-B197-48B5-BDD2-9D8FFDED3E49}.Debug|Any CPU.ActiveCfg = Debug|Any CPU
		{54CFD168-B197-48B5-BDD2-9D8FFDED3E49}.Debug|Any CPU.Build.0 = Debug|Any CPU
		{54CFD168-B197-48B5-BDD2-9D8FFDED3E49}.Debug|x64.ActiveCfg = Debug|Any CPU
		{54CFD168-B197-48B5-BDD2-9D8FFDED3E49}.Debug|x64.Build.0 = Debug|Any CPU
		{54CFD168-B197-48B5-BDD2-9D8FFDED3E49}.Debug|x86.ActiveCfg = Debug|Any CPU
		{54CFD168-B197-48B5-BDD2-9D8FFDED3E49}.Debug|x86.Build.0 = Debug|Any CPU
		{54CFD168-B197-48B5-BDD2-9D8FFDED3E49}.Release|Any CPU.ActiveCfg = Release|Any CPU
		{54CFD168-B197-48B5-BDD2-9D8FFDED3E49}.Release|Any CPU.Build.0 = Release|Any CPU
		{54CFD168-B197-48B5-BDD2-9D8FFDED3E49}.Release|x64.ActiveCfg = Release|Any CPU
		{54CFD168-B197-48B5-BDD2-9D8FFDED3E49}.Release|x64.Build.0 = Release|Any CPU
		{54CFD168-B197-48B5-BDD2-9D8FFDED3E49}.Release|x86.ActiveCfg = Release|Any CPU
		{54CFD168-B197-48B5-BDD2-9D8FFDED3E49}.Release|x86.Build.0 = Release|Any CPU
		{6D1CD4C0-5CF7-4BB6-B289-FE09C315F11D}.Debug|Any CPU.ActiveCfg = Debug|Any CPU
		{6D1CD4C0-5CF7-4BB6-B289-FE09C315F11D}.Debug|Any CPU.Build.0 = Debug|Any CPU
		{6D1CD4C0-5CF7-4BB6-B289-FE09C315F11D}.Debug|x64.ActiveCfg = Debug|Any CPU
		{6D1CD4C0-5CF7-4BB6-B289-FE09C315F11D}.Debug|x64.Build.0 = Debug|Any CPU
		{6D1CD4C0-5CF7-4BB6-B289-FE09C315F11D}.Debug|x86.ActiveCfg = Debug|Any CPU
		{6D1CD4C0-5CF7-4BB6-B289-FE09C315F11D}.Debug|x86.Build.0 = Debug|Any CPU
		{6D1CD4C0-5CF7-4BB6-B289-FE09C315F11D}.Release|Any CPU.ActiveCfg = Release|Any CPU
		{6D1CD4C0-5CF7-4BB6-B289-FE09C315F11D}.Release|Any CPU.Build.0 = Release|Any CPU
		{6D1CD4C0-5CF7-4BB6-B289-FE09C315F11D}.Release|x64.ActiveCfg = Release|Any CPU
		{6D1CD4C0-5CF7-4BB6-B289-FE09C315F11D}.Release|x64.Build.0 = Release|Any CPU
		{6D1CD4C0-5CF7-4BB6-B289-FE09C315F11D}.Release|x86.ActiveCfg = Release|Any CPU
		{6D1CD4C0-5CF7-4BB6-B289-FE09C315F11D}.Release|x86.Build.0 = Release|Any CPU
		{1A3E7DDE-0A7A-466E-A592-F13DDD9F4C9F}.Debug|Any CPU.ActiveCfg = Debug|Any CPU
		{1A3E7DDE-0A7A-466E-A592-F13DDD9F4C9F}.Debug|Any CPU.Build.0 = Debug|Any CPU
		{1A3E7DDE-0A7A-466E-A592-F13DDD9F4C9F}.Debug|x64.ActiveCfg = Debug|Any CPU
		{1A3E7DDE-0A7A-466E-A592-F13DDD9F4C9F}.Debug|x64.Build.0 = Debug|Any CPU
		{1A3E7DDE-0A7A-466E-A592-F13DDD9F4C9F}.Debug|x86.ActiveCfg = Debug|Any CPU
		{1A3E7DDE-0A7A-466E-A592-F13DDD9F4C9F}.Debug|x86.Build.0 = Debug|Any CPU
		{1A3E7DDE-0A7A-466E-A592-F13DDD9F4C9F}.Release|Any CPU.ActiveCfg = Release|Any CPU
		{1A3E7DDE-0A7A-466E-A592-F13DDD9F4C9F}.Release|Any CPU.Build.0 = Release|Any CPU
		{1A3E7DDE-0A7A-466E-A592-F13DDD9F4C9F}.Release|x64.ActiveCfg = Release|Any CPU
		{1A3E7DDE-0A7A-466E-A592-F13DDD9F4C9F}.Release|x64.Build.0 = Release|Any CPU
		{1A3E7DDE-0A7A-466E-A592-F13DDD9F4C9F}.Release|x86.ActiveCfg = Release|Any CPU
		{1A3E7DDE-0A7A-466E-A592-F13DDD9F4C9F}.Release|x86.Build.0 = Release|Any CPU
		{D2EC7C56-33DB-4840-B0CC-B74EA541449F}.Debug|Any CPU.ActiveCfg = Debug|Any CPU
		{D2EC7C56-33DB-4840-B0CC-B74EA541449F}.Debug|Any CPU.Build.0 = Debug|Any CPU
		{D2EC7C56-33DB-4840-B0CC-B74EA541449F}.Debug|x64.ActiveCfg = Debug|Any CPU
		{D2EC7C56-33DB-4840-B0CC-B74EA541449F}.Debug|x64.Build.0 = Debug|Any CPU
		{D2EC7C56-33DB-4840-B0CC-B74EA541449F}.Debug|x86.ActiveCfg = Debug|Any CPU
		{D2EC7C56-33DB-4840-B0CC-B74EA541449F}.Debug|x86.Build.0 = Debug|Any CPU
		{D2EC7C56-33DB-4840-B0CC-B74EA541449F}.Release|Any CPU.ActiveCfg = Release|Any CPU
		{D2EC7C56-33DB-4840-B0CC-B74EA541449F}.Release|Any CPU.Build.0 = Release|Any CPU
		{D2EC7C56-33DB-4840-B0CC-B74EA541449F}.Release|x64.ActiveCfg = Release|Any CPU
		{D2EC7C56-33DB-4840-B0CC-B74EA541449F}.Release|x64.Build.0 = Release|Any CPU
		{D2EC7C56-33DB-4840-B0CC-B74EA541449F}.Release|x86.ActiveCfg = Release|Any CPU
		{D2EC7C56-33DB-4840-B0CC-B74EA541449F}.Release|x86.Build.0 = Release|Any CPU
		{9B2D4E3A-D939-4464-B395-47F3E6EA3152}.Debug|Any CPU.ActiveCfg = Debug|Any CPU
		{9B2D4E3A-D939-4464-B395-47F3E6EA3152}.Debug|Any CPU.Build.0 = Debug|Any CPU
		{9B2D4E3A-D939-4464-B395-47F3E6EA3152}.Debug|x64.ActiveCfg = Debug|Any CPU
		{9B2D4E3A-D939-4464-B395-47F3E6EA3152}.Debug|x64.Build.0 = Debug|Any CPU
		{9B2D4E3A-D939-4464-B395-47F3E6EA3152}.Debug|x86.ActiveCfg = Debug|Any CPU
		{9B2D4E3A-D939-4464-B395-47F3E6EA3152}.Debug|x86.Build.0 = Debug|Any CPU
		{9B2D4E3A-D939-4464-B395-47F3E6EA3152}.Release|Any CPU.ActiveCfg = Release|Any CPU
		{9B2D4E3A-D939-4464-B395-47F3E6EA3152}.Release|Any CPU.Build.0 = Release|Any CPU
		{9B2D4E3A-D939-4464-B395-47F3E6EA3152}.Release|x64.ActiveCfg = Release|Any CPU
		{9B2D4E3A-D939-4464-B395-47F3E6EA3152}.Release|x64.Build.0 = Release|Any CPU
		{9B2D4E3A-D939-4464-B395-47F3E6EA3152}.Release|x86.ActiveCfg = Release|Any CPU
		{9B2D4E3A-D939-4464-B395-47F3E6EA3152}.Release|x86.Build.0 = Release|Any CPU
		{53655D00-A3BB-4705-A193-A2A986223BD2}.Debug|Any CPU.ActiveCfg = Debug|Any CPU
		{53655D00-A3BB-4705-A193-A2A986223BD2}.Debug|Any CPU.Build.0 = Debug|Any CPU
		{53655D00-A3BB-4705-A193-A2A986223BD2}.Debug|x64.ActiveCfg = Debug|Any CPU
		{53655D00-A3BB-4705-A193-A2A986223BD2}.Debug|x64.Build.0 = Debug|Any CPU
		{53655D00-A3BB-4705-A193-A2A986223BD2}.Debug|x86.ActiveCfg = Debug|Any CPU
		{53655D00-A3BB-4705-A193-A2A986223BD2}.Debug|x86.Build.0 = Debug|Any CPU
		{53655D00-A3BB-4705-A193-A2A986223BD2}.Release|Any CPU.ActiveCfg = Release|Any CPU
		{53655D00-A3BB-4705-A193-A2A986223BD2}.Release|Any CPU.Build.0 = Release|Any CPU
		{53655D00-A3BB-4705-A193-A2A986223BD2}.Release|x64.ActiveCfg = Release|Any CPU
		{53655D00-A3BB-4705-A193-A2A986223BD2}.Release|x64.Build.0 = Release|Any CPU
		{53655D00-A3BB-4705-A193-A2A986223BD2}.Release|x86.ActiveCfg = Release|Any CPU
		{53655D00-A3BB-4705-A193-A2A986223BD2}.Release|x86.Build.0 = Release|Any CPU
		{6DA033D2-2D2B-4A91-81B3-1529009B1112}.Debug|Any CPU.ActiveCfg = Debug|Any CPU
		{6DA033D2-2D2B-4A91-81B3-1529009B1112}.Debug|Any CPU.Build.0 = Debug|Any CPU
		{6DA033D2-2D2B-4A91-81B3-1529009B1112}.Debug|x64.ActiveCfg = Debug|Any CPU
		{6DA033D2-2D2B-4A91-81B3-1529009B1112}.Debug|x64.Build.0 = Debug|Any CPU
		{6DA033D2-2D2B-4A91-81B3-1529009B1112}.Debug|x86.ActiveCfg = Debug|Any CPU
		{6DA033D2-2D2B-4A91-81B3-1529009B1112}.Debug|x86.Build.0 = Debug|Any CPU
		{6DA033D2-2D2B-4A91-81B3-1529009B1112}.Release|Any CPU.ActiveCfg = Release|Any CPU
		{6DA033D2-2D2B-4A91-81B3-1529009B1112}.Release|Any CPU.Build.0 = Release|Any CPU
		{6DA033D2-2D2B-4A91-81B3-1529009B1112}.Release|x64.ActiveCfg = Release|Any CPU
		{6DA033D2-2D2B-4A91-81B3-1529009B1112}.Release|x64.Build.0 = Release|Any CPU
		{6DA033D2-2D2B-4A91-81B3-1529009B1112}.Release|x86.ActiveCfg = Release|Any CPU
		{6DA033D2-2D2B-4A91-81B3-1529009B1112}.Release|x86.Build.0 = Release|Any CPU
		{DE916F5A-7DE8-4976-9360-ABE57E85B01A}.Debug|Any CPU.ActiveCfg = Debug|Any CPU
		{DE916F5A-7DE8-4976-9360-ABE57E85B01A}.Debug|Any CPU.Build.0 = Debug|Any CPU
		{DE916F5A-7DE8-4976-9360-ABE57E85B01A}.Debug|x64.ActiveCfg = Debug|Any CPU
		{DE916F5A-7DE8-4976-9360-ABE57E85B01A}.Debug|x64.Build.0 = Debug|Any CPU
		{DE916F5A-7DE8-4976-9360-ABE57E85B01A}.Debug|x86.ActiveCfg = Debug|Any CPU
		{DE916F5A-7DE8-4976-9360-ABE57E85B01A}.Debug|x86.Build.0 = Debug|Any CPU
		{DE916F5A-7DE8-4976-9360-ABE57E85B01A}.Release|Any CPU.ActiveCfg = Release|Any CPU
		{DE916F5A-7DE8-4976-9360-ABE57E85B01A}.Release|Any CPU.Build.0 = Release|Any CPU
		{DE916F5A-7DE8-4976-9360-ABE57E85B01A}.Release|x64.ActiveCfg = Release|Any CPU
		{DE916F5A-7DE8-4976-9360-ABE57E85B01A}.Release|x64.Build.0 = Release|Any CPU
		{DE916F5A-7DE8-4976-9360-ABE57E85B01A}.Release|x86.ActiveCfg = Release|Any CPU
		{DE916F5A-7DE8-4976-9360-ABE57E85B01A}.Release|x86.Build.0 = Release|Any CPU
		{D3C1F868-691D-4475-9FD3-43FB05E648A6}.Debug|Any CPU.ActiveCfg = Debug|Any CPU
		{D3C1F868-691D-4475-9FD3-43FB05E648A6}.Debug|Any CPU.Build.0 = Debug|Any CPU
		{D3C1F868-691D-4475-9FD3-43FB05E648A6}.Debug|x64.ActiveCfg = Debug|Any CPU
		{D3C1F868-691D-4475-9FD3-43FB05E648A6}.Debug|x64.Build.0 = Debug|Any CPU
		{D3C1F868-691D-4475-9FD3-43FB05E648A6}.Debug|x86.ActiveCfg = Debug|Any CPU
		{D3C1F868-691D-4475-9FD3-43FB05E648A6}.Debug|x86.Build.0 = Debug|Any CPU
		{D3C1F868-691D-4475-9FD3-43FB05E648A6}.Release|Any CPU.ActiveCfg = Release|Any CPU
		{D3C1F868-691D-4475-9FD3-43FB05E648A6}.Release|Any CPU.Build.0 = Release|Any CPU
		{D3C1F868-691D-4475-9FD3-43FB05E648A6}.Release|x64.ActiveCfg = Release|Any CPU
		{D3C1F868-691D-4475-9FD3-43FB05E648A6}.Release|x64.Build.0 = Release|Any CPU
		{D3C1F868-691D-4475-9FD3-43FB05E648A6}.Release|x86.ActiveCfg = Release|Any CPU
		{D3C1F868-691D-4475-9FD3-43FB05E648A6}.Release|x86.Build.0 = Release|Any CPU
		{34455E29-31F8-4CF3-BB0D-40FBCACC14FB}.Debug|Any CPU.ActiveCfg = Debug|Any CPU
		{34455E29-31F8-4CF3-BB0D-40FBCACC14FB}.Debug|Any CPU.Build.0 = Debug|Any CPU
		{34455E29-31F8-4CF3-BB0D-40FBCACC14FB}.Debug|x64.ActiveCfg = Debug|Any CPU
		{34455E29-31F8-4CF3-BB0D-40FBCACC14FB}.Debug|x64.Build.0 = Debug|Any CPU
		{34455E29-31F8-4CF3-BB0D-40FBCACC14FB}.Debug|x86.ActiveCfg = Debug|Any CPU
		{34455E29-31F8-4CF3-BB0D-40FBCACC14FB}.Debug|x86.Build.0 = Debug|Any CPU
		{34455E29-31F8-4CF3-BB0D-40FBCACC14FB}.Release|Any CPU.ActiveCfg = Release|Any CPU
		{34455E29-31F8-4CF3-BB0D-40FBCACC14FB}.Release|Any CPU.Build.0 = Release|Any CPU
		{34455E29-31F8-4CF3-BB0D-40FBCACC14FB}.Release|x64.ActiveCfg = Release|Any CPU
		{34455E29-31F8-4CF3-BB0D-40FBCACC14FB}.Release|x64.Build.0 = Release|Any CPU
		{34455E29-31F8-4CF3-BB0D-40FBCACC14FB}.Release|x86.ActiveCfg = Release|Any CPU
		{34455E29-31F8-4CF3-BB0D-40FBCACC14FB}.Release|x86.Build.0 = Release|Any CPU
		{A88E6341-7EA9-4239-858A-3D5149B6B0DF}.Debug|Any CPU.ActiveCfg = Debug|Any CPU
		{A88E6341-7EA9-4239-858A-3D5149B6B0DF}.Debug|Any CPU.Build.0 = Debug|Any CPU
		{A88E6341-7EA9-4239-858A-3D5149B6B0DF}.Debug|x64.ActiveCfg = Debug|Any CPU
		{A88E6341-7EA9-4239-858A-3D5149B6B0DF}.Debug|x64.Build.0 = Debug|Any CPU
		{A88E6341-7EA9-4239-858A-3D5149B6B0DF}.Debug|x86.ActiveCfg = Debug|Any CPU
		{A88E6341-7EA9-4239-858A-3D5149B6B0DF}.Debug|x86.Build.0 = Debug|Any CPU
		{A88E6341-7EA9-4239-858A-3D5149B6B0DF}.Release|Any CPU.ActiveCfg = Release|Any CPU
		{A88E6341-7EA9-4239-858A-3D5149B6B0DF}.Release|Any CPU.Build.0 = Release|Any CPU
		{A88E6341-7EA9-4239-858A-3D5149B6B0DF}.Release|x64.ActiveCfg = Release|Any CPU
		{A88E6341-7EA9-4239-858A-3D5149B6B0DF}.Release|x64.Build.0 = Release|Any CPU
		{A88E6341-7EA9-4239-858A-3D5149B6B0DF}.Release|x86.ActiveCfg = Release|Any CPU
		{A88E6341-7EA9-4239-858A-3D5149B6B0DF}.Release|x86.Build.0 = Release|Any CPU
		{86C40916-E98E-4E3D-B171-4878F2D976FB}.Debug|Any CPU.ActiveCfg = Debug|Any CPU
		{86C40916-E98E-4E3D-B171-4878F2D976FB}.Debug|Any CPU.Build.0 = Debug|Any CPU
		{86C40916-E98E-4E3D-B171-4878F2D976FB}.Debug|x64.ActiveCfg = Debug|Any CPU
		{86C40916-E98E-4E3D-B171-4878F2D976FB}.Debug|x64.Build.0 = Debug|Any CPU
		{86C40916-E98E-4E3D-B171-4878F2D976FB}.Debug|x86.ActiveCfg = Debug|Any CPU
		{86C40916-E98E-4E3D-B171-4878F2D976FB}.Debug|x86.Build.0 = Debug|Any CPU
		{86C40916-E98E-4E3D-B171-4878F2D976FB}.Release|Any CPU.ActiveCfg = Release|Any CPU
		{86C40916-E98E-4E3D-B171-4878F2D976FB}.Release|Any CPU.Build.0 = Release|Any CPU
		{86C40916-E98E-4E3D-B171-4878F2D976FB}.Release|x64.ActiveCfg = Release|Any CPU
		{86C40916-E98E-4E3D-B171-4878F2D976FB}.Release|x64.Build.0 = Release|Any CPU
		{86C40916-E98E-4E3D-B171-4878F2D976FB}.Release|x86.ActiveCfg = Release|Any CPU
		{86C40916-E98E-4E3D-B171-4878F2D976FB}.Release|x86.Build.0 = Release|Any CPU
		{24A4F54D-1BA7-4612-BC9E-5BF07868B7A9}.Debug|Any CPU.ActiveCfg = Debug|Any CPU
		{24A4F54D-1BA7-4612-BC9E-5BF07868B7A9}.Debug|Any CPU.Build.0 = Debug|Any CPU
		{24A4F54D-1BA7-4612-BC9E-5BF07868B7A9}.Debug|x64.ActiveCfg = Debug|Any CPU
		{24A4F54D-1BA7-4612-BC9E-5BF07868B7A9}.Debug|x64.Build.0 = Debug|Any CPU
		{24A4F54D-1BA7-4612-BC9E-5BF07868B7A9}.Debug|x86.ActiveCfg = Debug|Any CPU
		{24A4F54D-1BA7-4612-BC9E-5BF07868B7A9}.Debug|x86.Build.0 = Debug|Any CPU
		{24A4F54D-1BA7-4612-BC9E-5BF07868B7A9}.Release|Any CPU.ActiveCfg = Release|Any CPU
		{24A4F54D-1BA7-4612-BC9E-5BF07868B7A9}.Release|Any CPU.Build.0 = Release|Any CPU
		{24A4F54D-1BA7-4612-BC9E-5BF07868B7A9}.Release|x64.ActiveCfg = Release|Any CPU
		{24A4F54D-1BA7-4612-BC9E-5BF07868B7A9}.Release|x64.Build.0 = Release|Any CPU
		{24A4F54D-1BA7-4612-BC9E-5BF07868B7A9}.Release|x86.ActiveCfg = Release|Any CPU
		{24A4F54D-1BA7-4612-BC9E-5BF07868B7A9}.Release|x86.Build.0 = Release|Any CPU
		{E71E9EB7-B20A-D3ED-5152-B469FCD5C589}.Debug|Any CPU.ActiveCfg = Debug|Any CPU
		{E71E9EB7-B20A-D3ED-5152-B469FCD5C589}.Debug|Any CPU.Build.0 = Debug|Any CPU
		{E71E9EB7-B20A-D3ED-5152-B469FCD5C589}.Debug|x64.ActiveCfg = Debug|Any CPU
		{E71E9EB7-B20A-D3ED-5152-B469FCD5C589}.Debug|x64.Build.0 = Debug|Any CPU
		{E71E9EB7-B20A-D3ED-5152-B469FCD5C589}.Debug|x86.ActiveCfg = Debug|Any CPU
		{E71E9EB7-B20A-D3ED-5152-B469FCD5C589}.Debug|x86.Build.0 = Debug|Any CPU
		{E71E9EB7-B20A-D3ED-5152-B469FCD5C589}.Release|Any CPU.ActiveCfg = Release|Any CPU
		{E71E9EB7-B20A-D3ED-5152-B469FCD5C589}.Release|Any CPU.Build.0 = Release|Any CPU
		{E71E9EB7-B20A-D3ED-5152-B469FCD5C589}.Release|x64.ActiveCfg = Release|Any CPU
		{E71E9EB7-B20A-D3ED-5152-B469FCD5C589}.Release|x64.Build.0 = Release|Any CPU
		{E71E9EB7-B20A-D3ED-5152-B469FCD5C589}.Release|x86.ActiveCfg = Release|Any CPU
		{E71E9EB7-B20A-D3ED-5152-B469FCD5C589}.Release|x86.Build.0 = Release|Any CPU
		{D6F8CD57-9215-4F1F-5BF6-BB0ABB712283}.Debug|Any CPU.ActiveCfg = Debug|Any CPU
		{D6F8CD57-9215-4F1F-5BF6-BB0ABB712283}.Debug|Any CPU.Build.0 = Debug|Any CPU
		{D6F8CD57-9215-4F1F-5BF6-BB0ABB712283}.Debug|x64.ActiveCfg = Debug|Any CPU
		{D6F8CD57-9215-4F1F-5BF6-BB0ABB712283}.Debug|x64.Build.0 = Debug|Any CPU
		{D6F8CD57-9215-4F1F-5BF6-BB0ABB712283}.Debug|x86.ActiveCfg = Debug|Any CPU
		{D6F8CD57-9215-4F1F-5BF6-BB0ABB712283}.Debug|x86.Build.0 = Debug|Any CPU
		{D6F8CD57-9215-4F1F-5BF6-BB0ABB712283}.Release|Any CPU.ActiveCfg = Release|Any CPU
		{D6F8CD57-9215-4F1F-5BF6-BB0ABB712283}.Release|Any CPU.Build.0 = Release|Any CPU
		{D6F8CD57-9215-4F1F-5BF6-BB0ABB712283}.Release|x64.ActiveCfg = Release|Any CPU
		{D6F8CD57-9215-4F1F-5BF6-BB0ABB712283}.Release|x64.Build.0 = Release|Any CPU
		{D6F8CD57-9215-4F1F-5BF6-BB0ABB712283}.Release|x86.ActiveCfg = Release|Any CPU
		{D6F8CD57-9215-4F1F-5BF6-BB0ABB712283}.Release|x86.Build.0 = Release|Any CPU
		{46602F0D-CD41-4E90-A733-8FF8258917C3}.Debug|Any CPU.ActiveCfg = Debug|Any CPU
		{46602F0D-CD41-4E90-A733-8FF8258917C3}.Debug|Any CPU.Build.0 = Debug|Any CPU
		{46602F0D-CD41-4E90-A733-8FF8258917C3}.Debug|x64.ActiveCfg = Debug|Any CPU
		{46602F0D-CD41-4E90-A733-8FF8258917C3}.Debug|x64.Build.0 = Debug|Any CPU
		{46602F0D-CD41-4E90-A733-8FF8258917C3}.Debug|x86.ActiveCfg = Debug|Any CPU
		{46602F0D-CD41-4E90-A733-8FF8258917C3}.Debug|x86.Build.0 = Debug|Any CPU
		{46602F0D-CD41-4E90-A733-8FF8258917C3}.Release|Any CPU.ActiveCfg = Release|Any CPU
		{46602F0D-CD41-4E90-A733-8FF8258917C3}.Release|Any CPU.Build.0 = Release|Any CPU
		{46602F0D-CD41-4E90-A733-8FF8258917C3}.Release|x64.ActiveCfg = Release|Any CPU
		{46602F0D-CD41-4E90-A733-8FF8258917C3}.Release|x64.Build.0 = Release|Any CPU
		{46602F0D-CD41-4E90-A733-8FF8258917C3}.Release|x86.ActiveCfg = Release|Any CPU
		{46602F0D-CD41-4E90-A733-8FF8258917C3}.Release|x86.Build.0 = Release|Any CPU
		{9146AD6C-8701-364B-5315-9B4C4D21BB7D}.Debug|Any CPU.ActiveCfg = Debug|Any CPU
		{9146AD6C-8701-364B-5315-9B4C4D21BB7D}.Debug|Any CPU.Build.0 = Debug|Any CPU
		{9146AD6C-8701-364B-5315-9B4C4D21BB7D}.Debug|x64.ActiveCfg = Debug|Any CPU
		{9146AD6C-8701-364B-5315-9B4C4D21BB7D}.Debug|x64.Build.0 = Debug|Any CPU
		{9146AD6C-8701-364B-5315-9B4C4D21BB7D}.Debug|x86.ActiveCfg = Debug|Any CPU
		{9146AD6C-8701-364B-5315-9B4C4D21BB7D}.Debug|x86.Build.0 = Debug|Any CPU
		{9146AD6C-8701-364B-5315-9B4C4D21BB7D}.Release|Any CPU.ActiveCfg = Release|Any CPU
		{9146AD6C-8701-364B-5315-9B4C4D21BB7D}.Release|Any CPU.Build.0 = Release|Any CPU
		{9146AD6C-8701-364B-5315-9B4C4D21BB7D}.Release|x64.ActiveCfg = Release|Any CPU
		{9146AD6C-8701-364B-5315-9B4C4D21BB7D}.Release|x64.Build.0 = Release|Any CPU
		{9146AD6C-8701-364B-5315-9B4C4D21BB7D}.Release|x86.ActiveCfg = Release|Any CPU
		{9146AD6C-8701-364B-5315-9B4C4D21BB7D}.Release|x86.Build.0 = Release|Any CPU
		{63B6EE47-468A-46A1-9F83-D13E24E863DF}.Debug|Any CPU.ActiveCfg = Debug|Any CPU
		{63B6EE47-468A-46A1-9F83-D13E24E863DF}.Debug|Any CPU.Build.0 = Debug|Any CPU
		{63B6EE47-468A-46A1-9F83-D13E24E863DF}.Debug|x64.ActiveCfg = Debug|Any CPU
		{63B6EE47-468A-46A1-9F83-D13E24E863DF}.Debug|x64.Build.0 = Debug|Any CPU
		{63B6EE47-468A-46A1-9F83-D13E24E863DF}.Debug|x86.ActiveCfg = Debug|Any CPU
		{63B6EE47-468A-46A1-9F83-D13E24E863DF}.Debug|x86.Build.0 = Debug|Any CPU
		{63B6EE47-468A-46A1-9F83-D13E24E863DF}.Release|Any CPU.ActiveCfg = Release|Any CPU
		{63B6EE47-468A-46A1-9F83-D13E24E863DF}.Release|Any CPU.Build.0 = Release|Any CPU
		{63B6EE47-468A-46A1-9F83-D13E24E863DF}.Release|x64.ActiveCfg = Release|Any CPU
		{63B6EE47-468A-46A1-9F83-D13E24E863DF}.Release|x64.Build.0 = Release|Any CPU
		{63B6EE47-468A-46A1-9F83-D13E24E863DF}.Release|x86.ActiveCfg = Release|Any CPU
		{63B6EE47-468A-46A1-9F83-D13E24E863DF}.Release|x86.Build.0 = Release|Any CPU
		{6C46CCB6-FC3B-4052-81BC-B1212A2BE3E7}.Debug|Any CPU.ActiveCfg = Debug|Any CPU
		{6C46CCB6-FC3B-4052-81BC-B1212A2BE3E7}.Debug|Any CPU.Build.0 = Debug|Any CPU
		{6C46CCB6-FC3B-4052-81BC-B1212A2BE3E7}.Debug|x64.ActiveCfg = Debug|Any CPU
		{6C46CCB6-FC3B-4052-81BC-B1212A2BE3E7}.Debug|x64.Build.0 = Debug|Any CPU
		{6C46CCB6-FC3B-4052-81BC-B1212A2BE3E7}.Debug|x86.ActiveCfg = Debug|Any CPU
		{6C46CCB6-FC3B-4052-81BC-B1212A2BE3E7}.Debug|x86.Build.0 = Debug|Any CPU
		{6C46CCB6-FC3B-4052-81BC-B1212A2BE3E7}.Release|Any CPU.ActiveCfg = Release|Any CPU
		{6C46CCB6-FC3B-4052-81BC-B1212A2BE3E7}.Release|Any CPU.Build.0 = Release|Any CPU
		{6C46CCB6-FC3B-4052-81BC-B1212A2BE3E7}.Release|x64.ActiveCfg = Release|Any CPU
		{6C46CCB6-FC3B-4052-81BC-B1212A2BE3E7}.Release|x64.Build.0 = Release|Any CPU
		{6C46CCB6-FC3B-4052-81BC-B1212A2BE3E7}.Release|x86.ActiveCfg = Release|Any CPU
		{6C46CCB6-FC3B-4052-81BC-B1212A2BE3E7}.Release|x86.Build.0 = Release|Any CPU
		{7BC7637E-0FD8-4C4D-870A-2A485EA163DE}.Debug|Any CPU.ActiveCfg = Debug|Any CPU
		{7BC7637E-0FD8-4C4D-870A-2A485EA163DE}.Debug|Any CPU.Build.0 = Debug|Any CPU
		{7BC7637E-0FD8-4C4D-870A-2A485EA163DE}.Debug|x64.ActiveCfg = Debug|Any CPU
		{7BC7637E-0FD8-4C4D-870A-2A485EA163DE}.Debug|x64.Build.0 = Debug|Any CPU
		{7BC7637E-0FD8-4C4D-870A-2A485EA163DE}.Debug|x86.ActiveCfg = Debug|Any CPU
		{7BC7637E-0FD8-4C4D-870A-2A485EA163DE}.Debug|x86.Build.0 = Debug|Any CPU
		{7BC7637E-0FD8-4C4D-870A-2A485EA163DE}.Release|Any CPU.ActiveCfg = Release|Any CPU
		{7BC7637E-0FD8-4C4D-870A-2A485EA163DE}.Release|Any CPU.Build.0 = Release|Any CPU
		{7BC7637E-0FD8-4C4D-870A-2A485EA163DE}.Release|x64.ActiveCfg = Release|Any CPU
		{7BC7637E-0FD8-4C4D-870A-2A485EA163DE}.Release|x64.Build.0 = Release|Any CPU
		{7BC7637E-0FD8-4C4D-870A-2A485EA163DE}.Release|x86.ActiveCfg = Release|Any CPU
		{7BC7637E-0FD8-4C4D-870A-2A485EA163DE}.Release|x86.Build.0 = Release|Any CPU
		{6AA5EE96-66C8-472F-9FC1-692EE6A6A398}.Debug|Any CPU.ActiveCfg = Debug|Any CPU
		{6AA5EE96-66C8-472F-9FC1-692EE6A6A398}.Debug|Any CPU.Build.0 = Debug|Any CPU
		{6AA5EE96-66C8-472F-9FC1-692EE6A6A398}.Debug|x64.ActiveCfg = Debug|Any CPU
		{6AA5EE96-66C8-472F-9FC1-692EE6A6A398}.Debug|x64.Build.0 = Debug|Any CPU
		{6AA5EE96-66C8-472F-9FC1-692EE6A6A398}.Debug|x86.ActiveCfg = Debug|Any CPU
		{6AA5EE96-66C8-472F-9FC1-692EE6A6A398}.Debug|x86.Build.0 = Debug|Any CPU
		{6AA5EE96-66C8-472F-9FC1-692EE6A6A398}.Release|Any CPU.ActiveCfg = Release|Any CPU
		{6AA5EE96-66C8-472F-9FC1-692EE6A6A398}.Release|Any CPU.Build.0 = Release|Any CPU
		{6AA5EE96-66C8-472F-9FC1-692EE6A6A398}.Release|x64.ActiveCfg = Release|Any CPU
		{6AA5EE96-66C8-472F-9FC1-692EE6A6A398}.Release|x64.Build.0 = Release|Any CPU
		{6AA5EE96-66C8-472F-9FC1-692EE6A6A398}.Release|x86.ActiveCfg = Release|Any CPU
		{6AA5EE96-66C8-472F-9FC1-692EE6A6A398}.Release|x86.Build.0 = Release|Any CPU
	EndGlobalSection
	GlobalSection(SolutionProperties) = preSolution
		HideSolutionNode = FALSE
	EndGlobalSection
	GlobalSection(NestedProjects) = preSolution
		{90298CBA-BD6F-3A0A-69D5-97CAD7B05E7E} = {827E0CD3-B72D-47B6-A68D-7590B98EB39B}
		{210C6FB6-E062-4A53-81A2-75E4BA08F698} = {90298CBA-BD6F-3A0A-69D5-97CAD7B05E7E}
		{CC2C3386-3064-401B-BD9F-21AC00DB0802} = {90298CBA-BD6F-3A0A-69D5-97CAD7B05E7E}
		{B6BA430E-9A5E-4F9D-9065-F3F2E668D5B6} = {90298CBA-BD6F-3A0A-69D5-97CAD7B05E7E}
		{CBE535C5-B51A-60E9-4D99-AC1BFAA908A1} = {827E0CD3-B72D-47B6-A68D-7590B98EB39B}
		{54CFD168-B197-48B5-BDD2-9D8FFDED3E49} = {CBE535C5-B51A-60E9-4D99-AC1BFAA908A1}
		{984BB9B3-3FA3-BE33-9484-CAC21695A33C} = {827E0CD3-B72D-47B6-A68D-7590B98EB39B}
		{B851199A-4979-E597-3D50-97AC5992BBAF} = {984BB9B3-3FA3-BE33-9484-CAC21695A33C}
		{6D1CD4C0-5CF7-4BB6-B289-FE09C315F11D} = {B851199A-4979-E597-3D50-97AC5992BBAF}
		{1A3E7DDE-0A7A-466E-A592-F13DDD9F4C9F} = {B851199A-4979-E597-3D50-97AC5992BBAF}
		{D2EC7C56-33DB-4840-B0CC-B74EA541449F} = {B851199A-4979-E597-3D50-97AC5992BBAF}
		{9B2D4E3A-D939-4464-B395-47F3E6EA3152} = {B851199A-4979-E597-3D50-97AC5992BBAF}
		{53655D00-A3BB-4705-A193-A2A986223BD2} = {B851199A-4979-E597-3D50-97AC5992BBAF}
		{6DA033D2-2D2B-4A91-81B3-1529009B1112} = {0AB3BF05-4346-4AA6-1389-037BE0695223}
		{1BFC9479-12BF-35C3-06B8-42D89D95092B} = {984BB9B3-3FA3-BE33-9484-CAC21695A33C}
		{DE916F5A-7DE8-4976-9360-ABE57E85B01A} = {1BFC9479-12BF-35C3-06B8-42D89D95092B}
		{D3C1F868-691D-4475-9FD3-43FB05E648A6} = {1BFC9479-12BF-35C3-06B8-42D89D95092B}
		{34455E29-31F8-4CF3-BB0D-40FBCACC14FB} = {1BFC9479-12BF-35C3-06B8-42D89D95092B}
		{A88E6341-7EA9-4239-858A-3D5149B6B0DF} = {1BFC9479-12BF-35C3-06B8-42D89D95092B}
		{86C40916-E98E-4E3D-B171-4878F2D976FB} = {1BFC9479-12BF-35C3-06B8-42D89D95092B}
		{24A4F54D-1BA7-4612-BC9E-5BF07868B7A9} = {71CA3753-CF67-4B41-A1D2-EA5E825906AF}
		{E71E9EB7-B20A-D3ED-5152-B469FCD5C589} = {90298CBA-BD6F-3A0A-69D5-97CAD7B05E7E}
		{D6F8CD57-9215-4F1F-5BF6-BB0ABB712283} = {90298CBA-BD6F-3A0A-69D5-97CAD7B05E7E}
		{46602F0D-CD41-4E90-A733-8FF8258917C3} = {50AA7014-1D4F-4DEA-94C7-C20EEE2211E8}
		{9146AD6C-8701-364B-5315-9B4C4D21BB7D} = {90298CBA-BD6F-3A0A-69D5-97CAD7B05E7E}
		{63B6EE47-468A-46A1-9F83-D13E24E863DF} = {90298CBA-BD6F-3A0A-69D5-97CAD7B05E7E}
		{6C46CCB6-FC3B-4052-81BC-B1212A2BE3E7} = {90298CBA-BD6F-3A0A-69D5-97CAD7B05E7E}
		{71CA3753-CF67-4B41-A1D2-EA5E825906AF} = {90298CBA-BD6F-3A0A-69D5-97CAD7B05E7E}
		{50AA7014-1D4F-4DEA-94C7-C20EEE2211E8} = {90298CBA-BD6F-3A0A-69D5-97CAD7B05E7E}
		{7BC7637E-0FD8-4C4D-870A-2A485EA163DE} = {90298CBA-BD6F-3A0A-69D5-97CAD7B05E7E}
		{6AA5EE96-66C8-472F-9FC1-692EE6A6A398} = {90298CBA-BD6F-3A0A-69D5-97CAD7B05E7E}
	EndGlobalSection
	GlobalSection(ExtensibilityGlobals) = postSolution
		SolutionGuid = {920659E0-9FDA-4D91-A1D1-CC084BA87D5D}
	EndGlobalSection
EndGlobal
